
Microsoft Visual Studio Solution File, Format Version 12.00
Project("{FAE04EC0-301F-11D3-BF4B-00C04F79EFBC}") = "Core-balancing", "Core-balancing\Core-balancing.csproj", "{35758697-FA16-4F54-99C4-3ED9A5FFCF83}"
EndProject
Global
	GlobalSection(SolutionConfigurationPlatforms) = preSolution
		Debug|Any CPU = Debug|Any CPU
		Release|Any CPU = Release|Any CPU
	EndGlobalSection
	GlobalSection(ProjectConfigurationPlatforms) = postSolution
		{35758697-FA16-4F54-99C4-3ED9A5FFCF83}.Debug|Any CPU.ActiveCfg = Debug|Any CPU
		{35758697-FA16-4F54-99C4-3ED9A5FFCF83}.Debug|Any CPU.Build.0 = Debug|Any CPU
		{35758697-FA16-4F54-99C4-3ED9A5FFCF83}.Release|Any CPU.ActiveCfg = Release|Any CPU
		{35758697-FA16-4F54-99C4-3ED9A5FFCF83}.Release|Any CPU.Build.0 = Release|Any CPU
	EndGlobalSection
EndGlobal
