
Microsoft Visual Studio Solution File, Format Version 12.00
Project("{FAE04EC0-301F-11D3-BF4B-00C04F79EFBC}") = "Table_lib", "Table_lib\Table_lib.csproj", "{9AB3C0C6-1C68-4443-A485-2591593E547D}"
EndProject
Global
	GlobalSection(SolutionConfigurationPlatforms) = preSolution
		Debug|Any CPU = Debug|Any CPU
		Release|Any CPU = Release|Any CPU
	EndGlobalSection
	GlobalSection(ProjectConfigurationPlatforms) = postSolution
		{9AB3C0C6-1C68-4443-A485-2591593E547D}.Debug|Any CPU.ActiveCfg = Debug|Any CPU
		{9AB3C0C6-1C68-4443-A485-2591593E547D}.Debug|Any CPU.Build.0 = Debug|Any CPU
		{9AB3C0C6-1C68-4443-A485-2591593E547D}.Release|Any CPU.ActiveCfg = Release|Any CPU
		{9AB3C0C6-1C68-4443-A485-2591593E547D}.Release|Any CPU.Build.0 = Release|Any CPU
	EndGlobalSection
EndGlobal
